
Microsoft Visual Studio Solution File, Format Version 12.00
# Visual Studio Version 16
VisualStudioVersion = 16.0.31402.337
MinimumVisualStudioVersion = 10.0.40219.1
Project("{8BC9CEB8-8B4A-11D0-8D11-00A0C91BC942}") = "Sandbox", "Sandbox\Sandbox.vcxproj", "{9917016C-5EE7-4D77-93E5-2C6B86E1682A}"
EndProject
Project("{8BC9CEB8-8B4A-11D0-8D11-00A0C91BC942}") = "Lambda", "Lambda\Lambda.vcxproj", "{5006CCB1-E4EC-4797-B425-B9BBB75341E2}"
EndProject
Global
	GlobalSection(SolutionConfigurationPlatforms) = preSolution
		Debug|x64 = Debug|x64
		Release|x64 = Release|x64
	EndGlobalSection
	GlobalSection(ProjectConfigurationPlatforms) = postSolution
		{5006CCB1-E4EC-4797-B425-B9BBB75341E2}.Debug|x64.ActiveCfg = Debug|x64
		{5006CCB1-E4EC-4797-B425-B9BBB75341E2}.Debug|x64.Build.0 = Debug|x64
		{5006CCB1-E4EC-4797-B425-B9BBB75341E2}.Release|x64.ActiveCfg = Release|x64
		{5006CCB1-E4EC-4797-B425-B9BBB75341E2}.Release|x64.Build.0 = Release|x64
		{9917016C-5EE7-4D77-93E5-2C6B86E1682A}.Debug|x64.ActiveCfg = Debug|x64
		{9917016C-5EE7-4D77-93E5-2C6B86E1682A}.Debug|x64.Build.0 = Debug|x64
		{9917016C-5EE7-4D77-93E5-2C6B86E1682A}.Release|x64.ActiveCfg = Release|x64
		{9917016C-5EE7-4D77-93E5-2C6B86E1682A}.Release|x64.Build.0 = Release|x64
	EndGlobalSection
	GlobalSection(SolutionProperties) = preSolution
		HideSolutionNode = FALSE
	EndGlobalSection
	GlobalSection(ExtensibilityGlobals) = postSolution
		SolutionGuid = {FA8AA352-5C0F-45C4-9F7A-BB4DAE2AE6EF}
	EndGlobalSection
EndGlobal
