<?xml version="1.0" encoding="utf-8"?>
<Project ToolsVersion="4.0" xmlns="http://schemas.microsoft.com/developer/msbuild/2003">
  <ItemGroup>
    <Filter Include="Lambda">
      <UniqueIdentifier>{E6D03FC0-D272-6A96-BB2D-7EEAA76EF1E6}</UniqueIdentifier>
    </Filter>
    <Filter Include="Lambda\Events">
      <UniqueIdentifier>{0ABEF0AE-767E-6CE5-3FB9-B562AB38B1C1}</UniqueIdentifier>
    </Filter>
  </ItemGroup>
  <ItemGroup>
    <ClInclude Include="src\Lambda.h" />
    <ClInclude Include="src\Lambda\Application.h">
      <Filter>Lambda</Filter>
    </ClInclude>
    <ClInclude Include="src\Lambda\Core.h">
      <Filter>Lambda</Filter>
    </ClInclude>
    <ClInclude Include="src\Lambda\EntryPoint.h">
      <Filter>Lambda</Filter>
    </ClInclude>
    <ClInclude Include="src\Lambda\Events\ApplicationEvent.h">
      <Filter>Lambda\Events</Filter>
    </ClInclude>
    <ClInclude Include="src\Lambda\Events\Event.h">
      <Filter>Lambda\Events</Filter>
    </ClInclude>
    <ClInclude Include="src\Lambda\Events\KeyEvent.h">
      <Filter>Lambda\Events</Filter>
    </ClInclude>
    <ClInclude Include="src\Lambda\Events\MouseEvent.h">
      <Filter>Lambda\Events</Filter>
    </ClInclude>
    <ClInclude Include="src\Lambda\Log.h">
      <Filter>Lambda</Filter>
    </ClInclude>
  </ItemGroup>
  <ItemGroup>
    <ClCompile Include="src\Lambda\Application.cpp">
      <Filter>Lambda</Filter>
    </ClCompile>
    <ClCompile Include="src\Lambda\Log.cpp">
      <Filter>Lambda</Filter>
    </ClCompile>
  </ItemGroup>
</Project>