<?xml version="1.0" encoding="utf-8"?>
<Project ToolsVersion="4.0" xmlns="http://schemas.microsoft.com/developer/msbuild/2003">
  <ItemGroup>
    <Filter Include="Lambda">
      <UniqueIdentifier>{E6D03FC0-D272-6A96-BB2D-7EEAA76EF1E6}</UniqueIdentifier>
    </Filter>
    <Filter Include="Lambda\Events">
      <UniqueIdentifier>{0ABEF0AE-767E-6CE5-3FB9-B562AB38B1C1}</UniqueIdentifier>
    </Filter>
    <Filter Include="Platform">
      <UniqueIdentifier>{2AC788B4-1694-E3BF-3FAD-D1672BD9184E}</UniqueIdentifier>
    </Filter>
    <Filter Include="Platform\Windows">
      <UniqueIdentifier>{64FBD71A-50F4-F66C-7926-DCF1657ED678}</UniqueIdentifier>
    </Filter>
  </ItemGroup>
  <ItemGroup>
    <ClInclude Include="src\Lambda.h" />
    <ClInclude Include="src\Lambda\Application.h">
      <Filter>Lambda</Filter>
    </ClInclude>
    <ClInclude Include="src\Lambda\Core.h">
      <Filter>Lambda</Filter>
    </ClInclude>
    <ClInclude Include="src\Lambda\EntryPoint.h">
      <Filter>Lambda</Filter>
    </ClInclude>
    <ClInclude Include="src\Lambda\Events\ApplicationEvent.h">
      <Filter>Lambda\Events</Filter>
    </ClInclude>
    <ClInclude Include="src\Lambda\Events\Event.h">
      <Filter>Lambda\Events</Filter>
    </ClInclude>
    <ClInclude Include="src\Lambda\Events\KeyEvent.h">
      <Filter>Lambda\Events</Filter>
    </ClInclude>
    <ClInclude Include="src\Lambda\Events\MouseEvent.h">
      <Filter>Lambda\Events</Filter>
    </ClInclude>
    <ClInclude Include="src\Lambda\Log.h">
      <Filter>Lambda</Filter>
    </ClInclude>
    <ClInclude Include="src\Lambda\Window.h">
      <Filter>Lambda</Filter>
    </ClInclude>
    <ClInclude Include="src\Platform\Windows\WindowsWindow.h">
      <Filter>Platform\Windows</Filter>
    </ClInclude>
    <ClInclude Include="src\lmpch.h" />
  </ItemGroup>
  <ItemGroup>
    <ClCompile Include="src\Lambda\Application.cpp">
      <Filter>Lambda</Filter>
    </ClCompile>
    <ClCompile Include="src\Lambda\Log.cpp">
      <Filter>Lambda</Filter>
    </ClCompile>
    <ClCompile Include="src\Platform\Windows\WindowsWindow.cpp">
      <Filter>Platform\Windows</Filter>
    </ClCompile>
    <ClCompile Include="src\lmpch.cpp" />
  </ItemGroup>
</Project>